
Microsoft Visual Studio Solution File, Format Version 12.00
# Visual Studio 15
VisualStudioVersion = 15.0.28307.329
MinimumVisualStudioVersion = 10.0.40219.1
Project("{FAE04EC0-301F-11D3-BF4B-00C04F79EFBC}") = "PNGPaletteExtractor", "PNGPaletteExtractor\PNGPaletteExtractor.csproj", "{398C93F5-DDEF-4B34-95F3-3AB6289EC4CD}"
EndProject
Global
	GlobalSection(SolutionConfigurationPlatforms) = preSolution
		Debug|Any CPU = Debug|Any CPU
		Release|Any CPU = Release|Any CPU
	EndGlobalSection
	GlobalSection(ProjectConfigurationPlatforms) = postSolution
		{398C93F5-DDEF-4B34-95F3-3AB6289EC4CD}.Debug|Any CPU.ActiveCfg = Debug|Any CPU
		{398C93F5-DDEF-4B34-95F3-3AB6289EC4CD}.Debug|Any CPU.Build.0 = Debug|Any CPU
		{398C93F5-DDEF-4B34-95F3-3AB6289EC4CD}.Release|Any CPU.ActiveCfg = Release|Any CPU
		{398C93F5-DDEF-4B34-95F3-3AB6289EC4CD}.Release|Any CPU.Build.0 = Release|Any CPU
	EndGlobalSection
	GlobalSection(SolutionProperties) = preSolution
		HideSolutionNode = FALSE
	EndGlobalSection
	GlobalSection(ExtensibilityGlobals) = postSolution
		SolutionGuid = {41726578-0253-44DE-BD11-B20BAA245531}
	EndGlobalSection
EndGlobal
